
Microsoft Visual Studio Solution File, Format Version 12.00
# Visual Studio Version 17
VisualStudioVersion = 17.0.32014.148
MinimumVisualStudioVersion = 10.0.40219.1
Project("{FAE04EC0-301F-11D3-BF4B-00C04F79EFBC}") = "PetsitterFinder", "PetsitterFinder\PetsitterFinder.csproj", "{2A482995-F6B9-4D72-B3A8-19A264261DF7}"
EndProject
Project("{FAE04EC0-301F-11D3-BF4B-00C04F79EFBC}") = "Core", "Core\Core.csproj", "{59720D61-2DDE-4411-845D-2E0553F1F4F1}"
EndProject
Project("{FAE04EC0-301F-11D3-BF4B-00C04F79EFBC}") = "PetsitterFinderAPI", "PetsitterFinderAPI\PetsitterFinderAPI.csproj", "{03B2A015-220F-4860-B025-EE2193E3347C}"
EndProject
Global
	GlobalSection(SolutionConfigurationPlatforms) = preSolution
		Debug|Any CPU = Debug|Any CPU
		Release|Any CPU = Release|Any CPU
	EndGlobalSection
	GlobalSection(ProjectConfigurationPlatforms) = postSolution
		{2A482995-F6B9-4D72-B3A8-19A264261DF7}.Debug|Any CPU.ActiveCfg = Debug|Any CPU
		{2A482995-F6B9-4D72-B3A8-19A264261DF7}.Debug|Any CPU.Build.0 = Debug|Any CPU
		{2A482995-F6B9-4D72-B3A8-19A264261DF7}.Release|Any CPU.ActiveCfg = Release|Any CPU
		{2A482995-F6B9-4D72-B3A8-19A264261DF7}.Release|Any CPU.Build.0 = Release|Any CPU
		{59720D61-2DDE-4411-845D-2E0553F1F4F1}.Debug|Any CPU.ActiveCfg = Debug|Any CPU
		{59720D61-2DDE-4411-845D-2E0553F1F4F1}.Debug|Any CPU.Build.0 = Debug|Any CPU
		{59720D61-2DDE-4411-845D-2E0553F1F4F1}.Release|Any CPU.ActiveCfg = Release|Any CPU
		{59720D61-2DDE-4411-845D-2E0553F1F4F1}.Release|Any CPU.Build.0 = Release|Any CPU
		{03B2A015-220F-4860-B025-EE2193E3347C}.Debug|Any CPU.ActiveCfg = Debug|Any CPU
		{03B2A015-220F-4860-B025-EE2193E3347C}.Debug|Any CPU.Build.0 = Debug|Any CPU
		{03B2A015-220F-4860-B025-EE2193E3347C}.Release|Any CPU.ActiveCfg = Release|Any CPU
		{03B2A015-220F-4860-B025-EE2193E3347C}.Release|Any CPU.Build.0 = Release|Any CPU
	EndGlobalSection
	GlobalSection(SolutionProperties) = preSolution
		HideSolutionNode = FALSE
	EndGlobalSection
	GlobalSection(ExtensibilityGlobals) = postSolution
		SolutionGuid = {B052BC3B-619E-45E8-A72B-64C43E313458}
	EndGlobalSection
EndGlobal
